
Microsoft Visual Studio Solution File, Format Version 12.00
Project("{FAE04EC0-301F-11D3-BF4B-00C04F79EFBC}") = "AspNetNetwork.Web", "AspNetNetwork.Web\AspNetNetwork.Web.csproj", "{31D98D8F-3BF7-41F3-BE44-E84CB13F4EB2}"
EndProject
Project("{2150E333-8FDC-42A3-9474-1A3956D46DE8}") = "Web", "Web", "{C1B4842E-0FEF-4F05-9C33-678B8BC1467B}"
EndProject
Project("{2150E333-8FDC-42A3-9474-1A3956D46DE8}") = "Services", "Services", "{0511B296-8766-4476-81E2-48BB166E049A}"
EndProject
Project("{2150E333-8FDC-42A3-9474-1A3956D46DE8}") = "Microservices", "Microservices", "{072FFD74-AC76-4D28-9B09-3364D30E2457}"
EndProject
Project("{2150E333-8FDC-42A3-9474-1A3956D46DE8}") = "BackgroundTasks", "BackgroundTasks", "{91F6E74C-FB77-42D4-8479-52A5BF491D40}"
EndProject
Project("{2150E333-8FDC-42A3-9474-1A3956D46DE8}") = "Database", "Database", "{41345CD1-71ED-43B0-B81B-264C91F0453C}"
EndProject
Project("{2150E333-8FDC-42A3-9474-1A3956D46DE8}") = "Core", "Core", "{A4FFCF16-DCC2-4D73-AF5C-B31A8DE6FEE2}"
EndProject
Project("{2150E333-8FDC-42A3-9474-1A3956D46DE8}") = "Events", "Events", "{CE682453-4674-4FB6-909F-CE589EC8C41D}"
EndProject
Project("{FAE04EC0-301F-11D3-BF4B-00C04F79EFBC}") = "AspNetNetwork.Domain.Identity", "AspNetNetwork.Domain.Identity\AspNetNetwork.Domain.Identity.csproj", "{3439F40C-937C-4BFF-B356-E2236A1CC32D}"
EndProject
Project("{FAE04EC0-301F-11D3-BF4B-00C04F79EFBC}") = "AspNetNetwork.Domain.Company", "AspNetNetwork.Domain.Company\AspNetNetwork.Domain.Company.csproj", "{25CA5BC5-E753-4720-848F-444008255F16}"
EndProject
Project("{FAE04EC0-301F-11D3-BF4B-00C04F79EFBC}") = "AspNetNetwork.Domain.Common", "AspNetNetwork.Domain.Common\AspNetNetwork.Domain.Common.csproj", "{CCA5C60D-3560-4ADE-B8E1-681220557BE9}"
EndProject
Project("{FAE04EC0-301F-11D3-BF4B-00C04F79EFBC}") = "AspNetNetwork.Database.Common", "AspNetNetwork.Database.Common\AspNetNetwork.Database.Common.csproj", "{C1B82DBC-CB33-41BB-8B99-35E54F761DA1}"
EndProject
Project("{FAE04EC0-301F-11D3-BF4B-00C04F79EFBC}") = "AspNetNetwork.Database.Identity", "AspNetNetwork.Database.Identity\AspNetNetwork.Database.Identity.csproj", "{438494AF-53B1-49DE-8AC8-BFB3C182C6C9}"
EndProject
Project("{FAE04EC0-301F-11D3-BF4B-00C04F79EFBC}") = "AspNetNetwork.Database.GroupEvent", "AspNetNetwork.Database.GroupEvent\AspNetNetwork.Database.GroupEvent.csproj", "{F3D1E247-6367-4347-87C4-6F1B7049C99A}"
EndProject
Project("{FAE04EC0-301F-11D3-BF4B-00C04F79EFBC}") = "AspNetNetwork.Database.PersonalEvent", "AspNetNetwork.Database.PersonalEvent\AspNetNetwork.Database.PersonalEvent.csproj", "{81635060-B81D-4102-A146-A9F2F95A52B3}"
EndProject
Project("{FAE04EC0-301F-11D3-BF4B-00C04F79EFBC}") = "AspNetNetwork.Database.Notification", "AspNetNetwork.Database.Notification\AspNetNetwork.Database.Notification.csproj", "{CCC5A0DD-FCB9-411D-A179-EC62B5163A15}"
EndProject
Project("{FAE04EC0-301F-11D3-BF4B-00C04F79EFBC}") = "AspNetNetwork.Database.MetricsAndMessages", "AspNetNetwork.Database.MetricsAndMessages\AspNetNetwork.Database.MetricsAndMessages.csproj", "{B4471478-1563-471D-9AC0-F4280C3D1690}"
EndProject
Project("{FAE04EC0-301F-11D3-BF4B-00C04F79EFBC}") = "AspNetNetwork.BackgroundTasks", "AspNetNetwork.BackgroundTasks\AspNetNetwork.BackgroundTasks.csproj", "{F6AF3F37-0DB9-441F-9613-4D9C461B7BCB}"
EndProject
Project("{FAE04EC0-301F-11D3-BF4B-00C04F79EFBC}") = "AspNetNetwork.Events.GroupEvent", "AspNetNetwork.Events.GroupEvent\AspNetNetwork.Events.GroupEvent.csproj", "{F43F4E6F-5CB0-4A62-85F3-4D9BD4183B4A}"
EndProject
Project("{FAE04EC0-301F-11D3-BF4B-00C04F79EFBC}") = "AspNetNetwork.Events.PersonalEvent", "AspNetNetwork.Events.PersonalEvent\AspNetNetwork.Events.PersonalEvent.csproj", "{03F8FC4F-8A7F-4834-BB85-DCBFD1194A07}"
EndProject
Project("{FAE04EC0-301F-11D3-BF4B-00C04F79EFBC}") = "AspNetNetwork.Micro.IdentityAPI", "AspNetNetwork.Micro.IdentityAPI\AspNetNetwork.Micro.IdentityAPI.csproj", "{4CEF8118-0711-48B4-86D6-50E790E62694}"
EndProject
Project("{FAE04EC0-301F-11D3-BF4B-00C04F79EFBC}") = "AspNetNetwork.Cache", "AspNetNetwork.Cache\AspNetNetwork.Cache.csproj", "{31123B44-4F46-4356-8FDF-C11906C3C7F1}"
EndProject
Project("{FAE04EC0-301F-11D3-BF4B-00C04F79EFBC}") = "AspNetNetwork.RabbitMq", "AspNetNetwork.RabbitMq\AspNetNetwork.RabbitMq.csproj", "{2935C512-CB50-4248-ABF8-90A32E8E8901}"
EndProject
Project("{FAE04EC0-301F-11D3-BF4B-00C04F79EFBC}") = "AspNetNetwork.Email", "AspNetNetwork.Email\AspNetNetwork.Email.csproj", "{10FB78F3-01FA-416B-AF7B-62E53FA2241A}"
EndProject
Project("{2150E333-8FDC-42A3-9474-1A3956D46DE8}") = "Tests", "Tests", "{50BB7183-2A1D-47D8-94DD-C5DD65D8E432}"
EndProject
Project("{FAE04EC0-301F-11D3-BF4B-00C04F79EFBC}") = "AspNetNetwork.Application", "AspNetNetwork.Application\AspNetNetwork.Application.csproj", "{8FC8C5C7-8AFD-479A-9C8E-8EEEFC2A5091}"
EndProject
Project("{FAE04EC0-301F-11D3-BF4B-00C04F79EFBC}") = "AspNetNetwork.Database.Attendee", "AspNetNetwork.Database.Attendee\AspNetNetwork.Database.Attendee.csproj", "{A8857E7E-DC1A-4498-B154-FDB8E8997D1A}"
EndProject
Project("{FAE04EC0-301F-11D3-BF4B-00C04F79EFBC}") = "AspNetNetwork.Database.Invitation", "AspNetNetwork.Database.Invitation\AspNetNetwork.Database.Invitation.csproj", "{6E7E8280-6BEA-4740-A581-E6EB37EF7AD2}"
EndProject
Project("{FAE04EC0-301F-11D3-BF4B-00C04F79EFBC}") = "AspNetNetwork.Events.Attendee", "AspNetNetwork.Events.Attendee\AspNetNetwork.Events.Attendee.csproj", "{0AA43C8C-712B-4B71-A6DA-D391728F02A5}"
EndProject
Project("{FAE04EC0-301F-11D3-BF4B-00C04F79EFBC}") = "AspNetNetwork.Events.Invitation", "AspNetNetwork.Events.Invitation\AspNetNetwork.Events.Invitation.csproj", "{191670F5-EBD1-4B20-A85B-0D0B8D25D8A2}"
EndProject
Project("{FAE04EC0-301F-11D3-BF4B-00C04F79EFBC}") = "AspNetNetwork.Tests.IdentityAPI", "AspNetNetwork.Tests.IdentityAPI\AspNetNetwork.Tests.IdentityAPI.csproj", "{703441EF-60EC-4CC3-8170-97669B865206}"
EndProject
Project("{FAE04EC0-301F-11D3-BF4B-00C04F79EFBC}") = "AspNetNetwork.Contracts.Common", "AspNetNetwork.Contracts.Common\AspNetNetwork.Contracts.Common.csproj", "{99D768EF-F6CD-4F01-9442-B1269C21F49F}"
EndProject
Project("{FAE04EC0-301F-11D3-BF4B-00C04F79EFBC}") = "AspNetNetwork.Micro.MessagingAPI", "AspNetNetwork.Micro.MessagingAPI\AspNetNetwork.Micro.MessagingAPI.csproj", "{DECE2399-FA3D-43A9-8F96-4A6DB531568F}"
EndProject
Project("{2150E333-8FDC-42A3-9474-1A3956D46DE8}") = "Solution Items", "Solution Items", "{C3F316C8-B908-49CD-9B27-1D6C7BA58336}"
	ProjectSection(SolutionItems) = preProject
		docker-compose.yml = docker-compose.yml
	EndProjectSection
EndProject
Project("{FAE04EC0-301F-11D3-BF4B-00C04F79EFBC}") = "AspNetNetwork.Domain.Message", "AspNetNetwork.Domain.Message\AspNetNetwork.Domain.Message.csproj", "{22AB4148-FDF9-4037-9290-4511DF5CEF1E}"
EndProject
Project("{FAE04EC0-301F-11D3-BF4B-00C04F79EFBC}") = "AspNetNetwork.Database.Message", "AspNetNetwork.Database.Message\AspNetNetwork.Database.Message.csproj", "{7C8897CA-9B6E-4B6A-997E-A788C39AE0FA}"
EndProject
Global
	GlobalSection(SolutionConfigurationPlatforms) = preSolution
		Debug|Any CPU = Debug|Any CPU
		Release|Any CPU = Release|Any CPU
	EndGlobalSection
	GlobalSection(ProjectConfigurationPlatforms) = postSolution
		{31D98D8F-3BF7-41F3-BE44-E84CB13F4EB2}.Debug|Any CPU.ActiveCfg = Debug|Any CPU
		{31D98D8F-3BF7-41F3-BE44-E84CB13F4EB2}.Debug|Any CPU.Build.0 = Debug|Any CPU
		{31D98D8F-3BF7-41F3-BE44-E84CB13F4EB2}.Release|Any CPU.ActiveCfg = Release|Any CPU
		{31D98D8F-3BF7-41F3-BE44-E84CB13F4EB2}.Release|Any CPU.Build.0 = Release|Any CPU
		{3439F40C-937C-4BFF-B356-E2236A1CC32D}.Debug|Any CPU.ActiveCfg = Debug|Any CPU
		{3439F40C-937C-4BFF-B356-E2236A1CC32D}.Debug|Any CPU.Build.0 = Debug|Any CPU
		{3439F40C-937C-4BFF-B356-E2236A1CC32D}.Release|Any CPU.ActiveCfg = Release|Any CPU
		{3439F40C-937C-4BFF-B356-E2236A1CC32D}.Release|Any CPU.Build.0 = Release|Any CPU
		{25CA5BC5-E753-4720-848F-444008255F16}.Debug|Any CPU.ActiveCfg = Debug|Any CPU
		{25CA5BC5-E753-4720-848F-444008255F16}.Debug|Any CPU.Build.0 = Debug|Any CPU
		{25CA5BC5-E753-4720-848F-444008255F16}.Release|Any CPU.ActiveCfg = Release|Any CPU
		{25CA5BC5-E753-4720-848F-444008255F16}.Release|Any CPU.Build.0 = Release|Any CPU
		{CCA5C60D-3560-4ADE-B8E1-681220557BE9}.Debug|Any CPU.ActiveCfg = Debug|Any CPU
		{CCA5C60D-3560-4ADE-B8E1-681220557BE9}.Debug|Any CPU.Build.0 = Debug|Any CPU
		{CCA5C60D-3560-4ADE-B8E1-681220557BE9}.Release|Any CPU.ActiveCfg = Release|Any CPU
		{CCA5C60D-3560-4ADE-B8E1-681220557BE9}.Release|Any CPU.Build.0 = Release|Any CPU
		{C1B82DBC-CB33-41BB-8B99-35E54F761DA1}.Debug|Any CPU.ActiveCfg = Debug|Any CPU
		{C1B82DBC-CB33-41BB-8B99-35E54F761DA1}.Debug|Any CPU.Build.0 = Debug|Any CPU
		{C1B82DBC-CB33-41BB-8B99-35E54F761DA1}.Release|Any CPU.ActiveCfg = Release|Any CPU
		{C1B82DBC-CB33-41BB-8B99-35E54F761DA1}.Release|Any CPU.Build.0 = Release|Any CPU
		{438494AF-53B1-49DE-8AC8-BFB3C182C6C9}.Debug|Any CPU.ActiveCfg = Debug|Any CPU
		{438494AF-53B1-49DE-8AC8-BFB3C182C6C9}.Debug|Any CPU.Build.0 = Debug|Any CPU
		{438494AF-53B1-49DE-8AC8-BFB3C182C6C9}.Release|Any CPU.ActiveCfg = Release|Any CPU
		{438494AF-53B1-49DE-8AC8-BFB3C182C6C9}.Release|Any CPU.Build.0 = Release|Any CPU
		{F3D1E247-6367-4347-87C4-6F1B7049C99A}.Debug|Any CPU.ActiveCfg = Debug|Any CPU
		{F3D1E247-6367-4347-87C4-6F1B7049C99A}.Debug|Any CPU.Build.0 = Debug|Any CPU
		{F3D1E247-6367-4347-87C4-6F1B7049C99A}.Release|Any CPU.ActiveCfg = Release|Any CPU
		{F3D1E247-6367-4347-87C4-6F1B7049C99A}.Release|Any CPU.Build.0 = Release|Any CPU
		{81635060-B81D-4102-A146-A9F2F95A52B3}.Debug|Any CPU.ActiveCfg = Debug|Any CPU
		{81635060-B81D-4102-A146-A9F2F95A52B3}.Debug|Any CPU.Build.0 = Debug|Any CPU
		{81635060-B81D-4102-A146-A9F2F95A52B3}.Release|Any CPU.ActiveCfg = Release|Any CPU
		{81635060-B81D-4102-A146-A9F2F95A52B3}.Release|Any CPU.Build.0 = Release|Any CPU
		{CCC5A0DD-FCB9-411D-A179-EC62B5163A15}.Debug|Any CPU.ActiveCfg = Debug|Any CPU
		{CCC5A0DD-FCB9-411D-A179-EC62B5163A15}.Debug|Any CPU.Build.0 = Debug|Any CPU
		{CCC5A0DD-FCB9-411D-A179-EC62B5163A15}.Release|Any CPU.ActiveCfg = Release|Any CPU
		{CCC5A0DD-FCB9-411D-A179-EC62B5163A15}.Release|Any CPU.Build.0 = Release|Any CPU
		{B4471478-1563-471D-9AC0-F4280C3D1690}.Debug|Any CPU.ActiveCfg = Debug|Any CPU
		{B4471478-1563-471D-9AC0-F4280C3D1690}.Debug|Any CPU.Build.0 = Debug|Any CPU
		{B4471478-1563-471D-9AC0-F4280C3D1690}.Release|Any CPU.ActiveCfg = Release|Any CPU
		{B4471478-1563-471D-9AC0-F4280C3D1690}.Release|Any CPU.Build.0 = Release|Any CPU
		{F6AF3F37-0DB9-441F-9613-4D9C461B7BCB}.Debug|Any CPU.ActiveCfg = Debug|Any CPU
		{F6AF3F37-0DB9-441F-9613-4D9C461B7BCB}.Debug|Any CPU.Build.0 = Debug|Any CPU
		{F6AF3F37-0DB9-441F-9613-4D9C461B7BCB}.Release|Any CPU.ActiveCfg = Release|Any CPU
		{F6AF3F37-0DB9-441F-9613-4D9C461B7BCB}.Release|Any CPU.Build.0 = Release|Any CPU
		{F43F4E6F-5CB0-4A62-85F3-4D9BD4183B4A}.Debug|Any CPU.ActiveCfg = Debug|Any CPU
		{F43F4E6F-5CB0-4A62-85F3-4D9BD4183B4A}.Debug|Any CPU.Build.0 = Debug|Any CPU
		{F43F4E6F-5CB0-4A62-85F3-4D9BD4183B4A}.Release|Any CPU.ActiveCfg = Release|Any CPU
		{F43F4E6F-5CB0-4A62-85F3-4D9BD4183B4A}.Release|Any CPU.Build.0 = Release|Any CPU
		{03F8FC4F-8A7F-4834-BB85-DCBFD1194A07}.Debug|Any CPU.ActiveCfg = Debug|Any CPU
		{03F8FC4F-8A7F-4834-BB85-DCBFD1194A07}.Debug|Any CPU.Build.0 = Debug|Any CPU
		{03F8FC4F-8A7F-4834-BB85-DCBFD1194A07}.Release|Any CPU.ActiveCfg = Release|Any CPU
		{03F8FC4F-8A7F-4834-BB85-DCBFD1194A07}.Release|Any CPU.Build.0 = Release|Any CPU
		{4CEF8118-0711-48B4-86D6-50E790E62694}.Debug|Any CPU.ActiveCfg = Debug|Any CPU
		{4CEF8118-0711-48B4-86D6-50E790E62694}.Debug|Any CPU.Build.0 = Debug|Any CPU
		{4CEF8118-0711-48B4-86D6-50E790E62694}.Release|Any CPU.ActiveCfg = Release|Any CPU
		{4CEF8118-0711-48B4-86D6-50E790E62694}.Release|Any CPU.Build.0 = Release|Any CPU
		{31123B44-4F46-4356-8FDF-C11906C3C7F1}.Debug|Any CPU.ActiveCfg = Debug|Any CPU
		{31123B44-4F46-4356-8FDF-C11906C3C7F1}.Debug|Any CPU.Build.0 = Debug|Any CPU
		{31123B44-4F46-4356-8FDF-C11906C3C7F1}.Release|Any CPU.ActiveCfg = Release|Any CPU
		{31123B44-4F46-4356-8FDF-C11906C3C7F1}.Release|Any CPU.Build.0 = Release|Any CPU
		{2935C512-CB50-4248-ABF8-90A32E8E8901}.Debug|Any CPU.ActiveCfg = Debug|Any CPU
		{2935C512-CB50-4248-ABF8-90A32E8E8901}.Debug|Any CPU.Build.0 = Debug|Any CPU
		{2935C512-CB50-4248-ABF8-90A32E8E8901}.Release|Any CPU.ActiveCfg = Release|Any CPU
		{2935C512-CB50-4248-ABF8-90A32E8E8901}.Release|Any CPU.Build.0 = Release|Any CPU
		{10FB78F3-01FA-416B-AF7B-62E53FA2241A}.Debug|Any CPU.ActiveCfg = Debug|Any CPU
		{10FB78F3-01FA-416B-AF7B-62E53FA2241A}.Debug|Any CPU.Build.0 = Debug|Any CPU
		{10FB78F3-01FA-416B-AF7B-62E53FA2241A}.Release|Any CPU.ActiveCfg = Release|Any CPU
		{10FB78F3-01FA-416B-AF7B-62E53FA2241A}.Release|Any CPU.Build.0 = Release|Any CPU
		{8FC8C5C7-8AFD-479A-9C8E-8EEEFC2A5091}.Debug|Any CPU.ActiveCfg = Debug|Any CPU
		{8FC8C5C7-8AFD-479A-9C8E-8EEEFC2A5091}.Debug|Any CPU.Build.0 = Debug|Any CPU
		{8FC8C5C7-8AFD-479A-9C8E-8EEEFC2A5091}.Release|Any CPU.ActiveCfg = Release|Any CPU
		{8FC8C5C7-8AFD-479A-9C8E-8EEEFC2A5091}.Release|Any CPU.Build.0 = Release|Any CPU
		{A8857E7E-DC1A-4498-B154-FDB8E8997D1A}.Debug|Any CPU.ActiveCfg = Debug|Any CPU
		{A8857E7E-DC1A-4498-B154-FDB8E8997D1A}.Debug|Any CPU.Build.0 = Debug|Any CPU
		{A8857E7E-DC1A-4498-B154-FDB8E8997D1A}.Release|Any CPU.ActiveCfg = Release|Any CPU
		{A8857E7E-DC1A-4498-B154-FDB8E8997D1A}.Release|Any CPU.Build.0 = Release|Any CPU
		{6E7E8280-6BEA-4740-A581-E6EB37EF7AD2}.Debug|Any CPU.ActiveCfg = Debug|Any CPU
		{6E7E8280-6BEA-4740-A581-E6EB37EF7AD2}.Debug|Any CPU.Build.0 = Debug|Any CPU
		{6E7E8280-6BEA-4740-A581-E6EB37EF7AD2}.Release|Any CPU.ActiveCfg = Release|Any CPU
		{6E7E8280-6BEA-4740-A581-E6EB37EF7AD2}.Release|Any CPU.Build.0 = Release|Any CPU
		{0AA43C8C-712B-4B71-A6DA-D391728F02A5}.Debug|Any CPU.ActiveCfg = Debug|Any CPU
		{0AA43C8C-712B-4B71-A6DA-D391728F02A5}.Debug|Any CPU.Build.0 = Debug|Any CPU
		{0AA43C8C-712B-4B71-A6DA-D391728F02A5}.Release|Any CPU.ActiveCfg = Release|Any CPU
		{0AA43C8C-712B-4B71-A6DA-D391728F02A5}.Release|Any CPU.Build.0 = Release|Any CPU
		{191670F5-EBD1-4B20-A85B-0D0B8D25D8A2}.Debug|Any CPU.ActiveCfg = Debug|Any CPU
		{191670F5-EBD1-4B20-A85B-0D0B8D25D8A2}.Debug|Any CPU.Build.0 = Debug|Any CPU
		{191670F5-EBD1-4B20-A85B-0D0B8D25D8A2}.Release|Any CPU.ActiveCfg = Release|Any CPU
		{191670F5-EBD1-4B20-A85B-0D0B8D25D8A2}.Release|Any CPU.Build.0 = Release|Any CPU
		{703441EF-60EC-4CC3-8170-97669B865206}.Debug|Any CPU.ActiveCfg = Debug|Any CPU
		{703441EF-60EC-4CC3-8170-97669B865206}.Debug|Any CPU.Build.0 = Debug|Any CPU
		{703441EF-60EC-4CC3-8170-97669B865206}.Release|Any CPU.ActiveCfg = Release|Any CPU
		{703441EF-60EC-4CC3-8170-97669B865206}.Release|Any CPU.Build.0 = Release|Any CPU
		{99D768EF-F6CD-4F01-9442-B1269C21F49F}.Debug|Any CPU.ActiveCfg = Debug|Any CPU
		{99D768EF-F6CD-4F01-9442-B1269C21F49F}.Debug|Any CPU.Build.0 = Debug|Any CPU
		{99D768EF-F6CD-4F01-9442-B1269C21F49F}.Release|Any CPU.ActiveCfg = Release|Any CPU
		{99D768EF-F6CD-4F01-9442-B1269C21F49F}.Release|Any CPU.Build.0 = Release|Any CPU
		{DECE2399-FA3D-43A9-8F96-4A6DB531568F}.Debug|Any CPU.ActiveCfg = Debug|Any CPU
		{DECE2399-FA3D-43A9-8F96-4A6DB531568F}.Debug|Any CPU.Build.0 = Debug|Any CPU
		{DECE2399-FA3D-43A9-8F96-4A6DB531568F}.Release|Any CPU.ActiveCfg = Release|Any CPU
		{DECE2399-FA3D-43A9-8F96-4A6DB531568F}.Release|Any CPU.Build.0 = Release|Any CPU
		{22AB4148-FDF9-4037-9290-4511DF5CEF1E}.Debug|Any CPU.ActiveCfg = Debug|Any CPU
		{22AB4148-FDF9-4037-9290-4511DF5CEF1E}.Debug|Any CPU.Build.0 = Debug|Any CPU
		{22AB4148-FDF9-4037-9290-4511DF5CEF1E}.Release|Any CPU.ActiveCfg = Release|Any CPU
		{22AB4148-FDF9-4037-9290-4511DF5CEF1E}.Release|Any CPU.Build.0 = Release|Any CPU
		{7C8897CA-9B6E-4B6A-997E-A788C39AE0FA}.Debug|Any CPU.ActiveCfg = Debug|Any CPU
		{7C8897CA-9B6E-4B6A-997E-A788C39AE0FA}.Debug|Any CPU.Build.0 = Debug|Any CPU
		{7C8897CA-9B6E-4B6A-997E-A788C39AE0FA}.Release|Any CPU.ActiveCfg = Release|Any CPU
		{7C8897CA-9B6E-4B6A-997E-A788C39AE0FA}.Release|Any CPU.Build.0 = Release|Any CPU
	EndGlobalSection
	GlobalSection(NestedProjects) = preSolution
		{31D98D8F-3BF7-41F3-BE44-E84CB13F4EB2} = {C1B4842E-0FEF-4F05-9C33-678B8BC1467B}
		{3439F40C-937C-4BFF-B356-E2236A1CC32D} = {A4FFCF16-DCC2-4D73-AF5C-B31A8DE6FEE2}
		{25CA5BC5-E753-4720-848F-444008255F16} = {A4FFCF16-DCC2-4D73-AF5C-B31A8DE6FEE2}
		{CCA5C60D-3560-4ADE-B8E1-681220557BE9} = {A4FFCF16-DCC2-4D73-AF5C-B31A8DE6FEE2}
		{C1B82DBC-CB33-41BB-8B99-35E54F761DA1} = {41345CD1-71ED-43B0-B81B-264C91F0453C}
		{438494AF-53B1-49DE-8AC8-BFB3C182C6C9} = {41345CD1-71ED-43B0-B81B-264C91F0453C}
		{F3D1E247-6367-4347-87C4-6F1B7049C99A} = {41345CD1-71ED-43B0-B81B-264C91F0453C}
		{81635060-B81D-4102-A146-A9F2F95A52B3} = {41345CD1-71ED-43B0-B81B-264C91F0453C}
		{CCC5A0DD-FCB9-411D-A179-EC62B5163A15} = {41345CD1-71ED-43B0-B81B-264C91F0453C}
		{B4471478-1563-471D-9AC0-F4280C3D1690} = {41345CD1-71ED-43B0-B81B-264C91F0453C}
		{F6AF3F37-0DB9-441F-9613-4D9C461B7BCB} = {91F6E74C-FB77-42D4-8479-52A5BF491D40}
		{F43F4E6F-5CB0-4A62-85F3-4D9BD4183B4A} = {CE682453-4674-4FB6-909F-CE589EC8C41D}
		{03F8FC4F-8A7F-4834-BB85-DCBFD1194A07} = {CE682453-4674-4FB6-909F-CE589EC8C41D}
		{4CEF8118-0711-48B4-86D6-50E790E62694} = {072FFD74-AC76-4D28-9B09-3364D30E2457}
		{31123B44-4F46-4356-8FDF-C11906C3C7F1} = {0511B296-8766-4476-81E2-48BB166E049A}
		{2935C512-CB50-4248-ABF8-90A32E8E8901} = {0511B296-8766-4476-81E2-48BB166E049A}
		{10FB78F3-01FA-416B-AF7B-62E53FA2241A} = {0511B296-8766-4476-81E2-48BB166E049A}
		{8FC8C5C7-8AFD-479A-9C8E-8EEEFC2A5091} = {A4FFCF16-DCC2-4D73-AF5C-B31A8DE6FEE2}
		{A8857E7E-DC1A-4498-B154-FDB8E8997D1A} = {41345CD1-71ED-43B0-B81B-264C91F0453C}
		{6E7E8280-6BEA-4740-A581-E6EB37EF7AD2} = {41345CD1-71ED-43B0-B81B-264C91F0453C}
		{0AA43C8C-712B-4B71-A6DA-D391728F02A5} = {CE682453-4674-4FB6-909F-CE589EC8C41D}
		{191670F5-EBD1-4B20-A85B-0D0B8D25D8A2} = {CE682453-4674-4FB6-909F-CE589EC8C41D}
		{703441EF-60EC-4CC3-8170-97669B865206} = {50BB7183-2A1D-47D8-94DD-C5DD65D8E432}
		{99D768EF-F6CD-4F01-9442-B1269C21F49F} = {A4FFCF16-DCC2-4D73-AF5C-B31A8DE6FEE2}
		{DECE2399-FA3D-43A9-8F96-4A6DB531568F} = {072FFD74-AC76-4D28-9B09-3364D30E2457}
		{22AB4148-FDF9-4037-9290-4511DF5CEF1E} = {A4FFCF16-DCC2-4D73-AF5C-B31A8DE6FEE2}
		{7C8897CA-9B6E-4B6A-997E-A788C39AE0FA} = {41345CD1-71ED-43B0-B81B-264C91F0453C}
	EndGlobalSection
EndGlobal
